# THIS IS AN AUTOGENERATED FILE. DO NOT EDIT THIS FILE DIRECTLY.
# yarn lockfile v1


bluebird@^3.5.0:
  version "3.5.0"
  resolved "https://registry.yarnpkg.com/bluebird/-/bluebird-3.5.0.tgz#791420d7f551eea2897453a8a77653f96606d67c"

child-process-promise@^2.2.1:
  version "2.2.1"
  resolved "https://registry.yarnpkg.com/child-process-promise/-/child-process-promise-2.2.1.tgz#4730a11ef610fad450b8f223c79d31d7bdad8074"
  dependencies:
    cross-spawn "^4.0.2"
    node-version "^1.0.0"
    promise-polyfill "^6.0.1"

cross-spawn@^4.0.2:
  version "4.0.2"
  resolved "https://registry.yarnpkg.com/cross-spawn/-/cross-spawn-4.0.2.tgz#7b9247621c23adfdd3856004a823cbe397424d41"
  dependencies:
    lru-cache "^4.0.1"
    which "^1.2.9"

isexe@^2.0.0:
  version "2.0.0"
  resolved "https://registry.yarnpkg.com/isexe/-/isexe-2.0.0.tgz#e8fbf374dc556ff8947a10dcb0572d633f2cfa10"

lru-cache@^4.0.1:
  version "4.1.1"
  resolved "https://registry.yarnpkg.com/lru-cache/-/lru-cache-4.1.1.tgz#622e32e82488b49279114a4f9ecf45e7cd6bba55"
  dependencies:
    pseudomap "^1.0.2"
    yallist "^2.1.2"

node-version@^1.0.0:
  version "1.0.0"
  resolved "https://registry.yarnpkg.com/node-version/-/node-version-1.0.0.tgz#1b9b9584a9a7f7a6123f215cd14a652bf21ab19e"

promise-polyfill@^6.0.1:
  version "6.0.2"
  resolved "https://registry.yarnpkg.com/promise-polyfill/-/promise-polyfill-6.0.2.tgz#d9c86d3dc4dc2df9016e88946defd69b49b41162"

pseudomap@^1.0.2:
  version "1.0.2"
  resolved "https://registry.yarnpkg.com/pseudomap/-/pseudomap-1.0.2.tgz#f052a28da70e618917ef0a8ac34c1ae5a68286b3"

which@^1.2.9:
  version "1.2.14"
  resolved "https://registry.yarnpkg.com/which/-/which-1.2.14.tgz#9a87c4378f03e827cecaf1acdf56c736c01c14e5"
  dependencies:
    isexe "^2.0.0"

yallist@^2.1.2:
  version "2.1.2"
  resolved "https://registry.yarnpkg.com/yallist/-/yallist-2.1.2.tgz#1c11f9218f076089a47dd512f93c6699a6a81d52"
